
Microsoft Visual Studio Solution File, Format Version 12.00
# Visual Studio 15
VisualStudioVersion = 15.0.26730.16
MinimumVisualStudioVersion = 10.0.40219.1
Project("{FAE04EC0-301F-11D3-BF4B-00C04F79EFBC}") = "PaymentCalculator", "PaymentCalculator\PaymentCalculator.csproj", "{7A1B1F4D-998A-44F1-8308-36711DEE4511}"
EndProject
Global
	GlobalSection(SolutionConfigurationPlatforms) = preSolution
		Debug|Any CPU = Debug|Any CPU
		Release|Any CPU = Release|Any CPU
	EndGlobalSection
	GlobalSection(ProjectConfigurationPlatforms) = postSolution
		{7A1B1F4D-998A-44F1-8308-36711DEE4511}.Debug|Any CPU.ActiveCfg = Debug|Any CPU
		{7A1B1F4D-998A-44F1-8308-36711DEE4511}.Debug|Any CPU.Build.0 = Debug|Any CPU
		{7A1B1F4D-998A-44F1-8308-36711DEE4511}.Release|Any CPU.ActiveCfg = Release|Any CPU
		{7A1B1F4D-998A-44F1-8308-36711DEE4511}.Release|Any CPU.Build.0 = Release|Any CPU
	EndGlobalSection
	GlobalSection(SolutionProperties) = preSolution
		HideSolutionNode = FALSE
	EndGlobalSection
	GlobalSection(ExtensibilityGlobals) = postSolution
		SolutionGuid = {DCEBACC3-F8F2-428B-82FD-88AD3CB47664}
	EndGlobalSection
EndGlobal
